// !$*UTF8*$!
{
	archiveVersion = 1;
	classes = {
	};
	objectVersion = 56;
	objects = {

/* Begin PBXBuildFile section */
		16A7F4BB2B5D94FF0031FC05 /* CryptoTrackerApp.swift in Sources */ = {isa = PBXBuildFile; fileRef = 16A7F4BA2B5D94FF0031FC05 /* CryptoTrackerApp.swift */; };
		16A7F4BD2B5D94FF0031FC05 /* ContentView.swift in Sources */ = {isa = PBXBuildFile; fileRef = 16A7F4BC2B5D94FF0031FC05 /* ContentView.swift */; };
		16A7F4BF2B5D94FF0031FC05 /* Item.swift in Sources */ = {isa = PBXBuildFile; fileRef = 16A7F4BE2B5D94FF0031FC05 /* Item.swift */; };
		16A7F4C12B5D95000031FC05 /* Assets.xcassets in Resources */ = {isa = PBXBuildFile; fileRef = 16A7F4C02B5D95000031FC05 /* Assets.xcassets */; };
		16A7F4C42B5D95000031FC05 /* Preview Assets.xcassets in Resources */ = {isa = PBXBuildFile; fileRef = 16A7F4C32B5D95000031FC05 /* Preview Assets.xcassets */; };
		16A7F4CE2B5D95000031FC05 /* CryptoTrackerTests.swift in Sources */ = {isa = PBXBuildFile; fileRef = 16A7F4CD2B5D95000031FC05 /* CryptoTrackerTests.swift */; };
		16A7F4D82B5D95000031FC05 /* CryptoTrackerUITests.swift in Sources */ = {isa = PBXBuildFile; fileRef = 16A7F4D72B5D95000031FC05 /* CryptoTrackerUITests.swift */; };
		16A7F4DA2B5D95000031FC05 /* CryptoTrackerUITestsLaunchTests.swift in Sources */ = {isa = PBXBuildFile; fileRef = 16A7F4D92B5D95000031FC05 /* CryptoTrackerUITestsLaunchTests.swift */; };
		16A7F4EB2B5D95990031FC05 /* AppCoordinator.swift in Sources */ = {isa = PBXBuildFile; fileRef = 16A7F4EA2B5D95990031FC05 /* AppCoordinator.swift */; };
		16A7F4EE2B5D95AC0031FC05 /* Swinject in Frameworks */ = {isa = PBXBuildFile; productRef = 16A7F4ED2B5D95AC0031FC05 /* Swinject */; };
		16A7F4F12B5D96730031FC05 /* DependencyManager.swift in Sources */ = {isa = PBXBuildFile; fileRef = 16A7F4F02B5D96730031FC05 /* DependencyManager.swift */; };
		16A7F4F52B5D9A450031FC05 /* HomeCryptoListView.swift in Sources */ = {isa = PBXBuildFile; fileRef = 16A7F4F42B5D9A450031FC05 /* HomeCryptoListView.swift */; };
		16A7F4F82B5D9AF00031FC05 /* CTSearchBarView.swift in Sources */ = {isa = PBXBuildFile; fileRef = 16A7F4F72B5D9AF00031FC05 /* CTSearchBarView.swift */; };
		16A7F4FB2B5D9B400031FC05 /* Color.swift in Sources */ = {isa = PBXBuildFile; fileRef = 16A7F4FA2B5D9B400031FC05 /* Color.swift */; };
		16A7F4FE2B5D9B990031FC05 /* UIApplication+EndEditing.swift in Sources */ = {isa = PBXBuildFile; fileRef = 16A7F4FD2B5D9B990031FC05 /* UIApplication+EndEditing.swift */; };
		16A7F5012B5D9D260031FC05 /* HomeCryptoListViewModel.swift in Sources */ = {isa = PBXBuildFile; fileRef = 16A7F5002B5D9D260031FC05 /* HomeCryptoListViewModel.swift */; };
		16A7F5052B5DA28B0031FC05 /* Colors.xcassets in Resources */ = {isa = PBXBuildFile; fileRef = 16A7F5042B5DA28B0031FC05 /* Colors.xcassets */; };
		16A7F5072B5DBF630031FC05 /* HomeStatsView.swift in Sources */ = {isa = PBXBuildFile; fileRef = 16A7F5062B5DBF630031FC05 /* HomeStatsView.swift */; };
		16A7F5092B5DBFA00031FC05 /* PreviewProvider.swift in Sources */ = {isa = PBXBuildFile; fileRef = 16A7F5082B5DBFA00031FC05 /* PreviewProvider.swift */; };
		16A7F50C2B5DBFCB0031FC05 /* CoinModel.swift in Sources */ = {isa = PBXBuildFile; fileRef = 16A7F50B2B5DBFCB0031FC05 /* CoinModel.swift */; };
		16A7F50E2B5DC0850031FC05 /* CoinDetailModel.swift in Sources */ = {isa = PBXBuildFile; fileRef = 16A7F50D2B5DC0850031FC05 /* CoinDetailModel.swift */; };
		16A7F5102B5DC0C40031FC05 /* String+Extensions.swift in Sources */ = {isa = PBXBuildFile; fileRef = 16A7F50F2B5DC0C40031FC05 /* String+Extensions.swift */; };
		16A7F5122B5DC0F60031FC05 /* StatisticModel.swift in Sources */ = {isa = PBXBuildFile; fileRef = 16A7F5112B5DC0F60031FC05 /* StatisticModel.swift */; };
		16A7F5142B5DC10E0031FC05 /* MarketDataModel.swift in Sources */ = {isa = PBXBuildFile; fileRef = 16A7F5132B5DC10E0031FC05 /* MarketDataModel.swift */; };
		16A7F5162B5DC1490031FC05 /* Double+Extensions.swift in Sources */ = {isa = PBXBuildFile; fileRef = 16A7F5152B5DC1490031FC05 /* Double+Extensions.swift */; };
		16A7F51B2B5DC1BE0031FC05 /* CoinLogoView.swift in Sources */ = {isa = PBXBuildFile; fileRef = 16A7F5182B5DC1BD0031FC05 /* CoinLogoView.swift */; };
		16A7F51C2B5DC1BE0031FC05 /* CoinImageView.swift in Sources */ = {isa = PBXBuildFile; fileRef = 16A7F5192B5DC1BE0031FC05 /* CoinImageView.swift */; };
		16A7F51D2B5DC1BE0031FC05 /* CoinImageViewModel.swift in Sources */ = {isa = PBXBuildFile; fileRef = 16A7F51A2B5DC1BE0031FC05 /* CoinImageViewModel.swift */; };
		16A7F5212B5DC1E50031FC05 /* CircleButtonView.swift in Sources */ = {isa = PBXBuildFile; fileRef = 16A7F51F2B5DC1E40031FC05 /* CircleButtonView.swift */; };
		16A7F5222B5DC1E50031FC05 /* CircleButtonAnimationView.swift in Sources */ = {isa = PBXBuildFile; fileRef = 16A7F5202B5DC1E40031FC05 /* CircleButtonAnimationView.swift */; };
		16A7F5242B5DC27C0031FC05 /* StatisticView.swift in Sources */ = {isa = PBXBuildFile; fileRef = 16A7F5232B5DC27C0031FC05 /* StatisticView.swift */; };
		16A7F5262B5DC2D40031FC05 /* XMarkButton.swift in Sources */ = {isa = PBXBuildFile; fileRef = 16A7F5252B5DC2D40031FC05 /* XMarkButton.swift */; };
		16A7F52A2B5DC3000031FC05 /* HapticManager.swift in Sources */ = {isa = PBXBuildFile; fileRef = 16A7F5272B5DC3000031FC05 /* HapticManager.swift */; };
		16A7F52B2B5DC3000031FC05 /* LocalFileManager.swift in Sources */ = {isa = PBXBuildFile; fileRef = 16A7F5282B5DC3000031FC05 /* LocalFileManager.swift */; };
		16A7F52C2B5DC3000031FC05 /* NetworkingManager.swift in Sources */ = {isa = PBXBuildFile; fileRef = 16A7F5292B5DC3000031FC05 /* NetworkingManager.swift */; };
		16A7F52E2B5DC3380031FC05 /* Date+Extensions.swift in Sources */ = {isa = PBXBuildFile; fileRef = 16A7F52D2B5DC3380031FC05 /* Date+Extensions.swift */; };
		16A7F5352B5DC3A60031FC05 /* CoinDataService.swift in Sources */ = {isa = PBXBuildFile; fileRef = 16A7F5302B5DC3A60031FC05 /* CoinDataService.swift */; };
		16A7F5362B5DC3A60031FC05 /* CoinImageService.swift in Sources */ = {isa = PBXBuildFile; fileRef = 16A7F5312B5DC3A60031FC05 /* CoinImageService.swift */; };
		16A7F5372B5DC3A60031FC05 /* PortfolioDataService.swift in Sources */ = {isa = PBXBuildFile; fileRef = 16A7F5322B5DC3A60031FC05 /* PortfolioDataService.swift */; };
		16A7F5382B5DC3A60031FC05 /* CoinDetailDataService.swift in Sources */ = {isa = PBXBuildFile; fileRef = 16A7F5332B5DC3A60031FC05 /* CoinDetailDataService.swift */; };
		16A7F5392B5DC3A60031FC05 /* MarketDataService.swift in Sources */ = {isa = PBXBuildFile; fileRef = 16A7F5342B5DC3A60031FC05 /* MarketDataService.swift */; };
		16A7F53B2B5DC4340031FC05 /* PortfolioView.swift in Sources */ = {isa = PBXBuildFile; fileRef = 16A7F53A2B5DC4340031FC05 /* PortfolioView.swift */; };
		16A7F53E2B5DC45B0031FC05 /* PortfolioContainer.xcdatamodeld in Sources */ = {isa = PBXBuildFile; fileRef = 16A7F53C2B5DC45B0031FC05 /* PortfolioContainer.xcdatamodeld */; };
		16A7F5462B5DC5010031FC05 /* DetailViewModel.swift in Sources */ = {isa = PBXBuildFile; fileRef = 16A7F5422B5DC5010031FC05 /* DetailViewModel.swift */; };
		16A7F5472B5DC5010031FC05 /* DetailView.swift in Sources */ = {isa = PBXBuildFile; fileRef = 16A7F5442B5DC5010031FC05 /* DetailView.swift */; };
		16A7F5482B5DC5010031FC05 /* ChartView.swift in Sources */ = {isa = PBXBuildFile; fileRef = 16A7F5452B5DC5010031FC05 /* ChartView.swift */; };
		16A7F54A2B5DC5450031FC05 /* CoinRowView.swift in Sources */ = {isa = PBXBuildFile; fileRef = 16A7F5492B5DC5450031FC05 /* CoinRowView.swift */; };
		16A7F54F2B5DC70B0031FC05 /* LaunchScreen.storyboard in Resources */ = {isa = PBXBuildFile; fileRef = 16A7F54D2B5DC70B0031FC05 /* LaunchScreen.storyboard */; };
		16A7F5502B5DC70B0031FC05 /* LaunchView.swift in Sources */ = {isa = PBXBuildFile; fileRef = 16A7F54E2B5DC70B0031FC05 /* LaunchView.swift */; };
/* End PBXBuildFile section */

/* Begin PBXContainerItemProxy section */
		16A7F4CA2B5D95000031FC05 /* PBXContainerItemProxy */ = {
			isa = PBXContainerItemProxy;
			containerPortal = 16A7F4AF2B5D94FF0031FC05 /* Project object */;
			proxyType = 1;
			remoteGlobalIDString = 16A7F4B62B5D94FF0031FC05;
			remoteInfo = CryptoTracker;
		};
		16A7F4D42B5D95000031FC05 /* PBXContainerItemProxy */ = {
			isa = PBXContainerItemProxy;
			containerPortal = 16A7F4AF2B5D94FF0031FC05 /* Project object */;
			proxyType = 1;
			remoteGlobalIDString = 16A7F4B62B5D94FF0031FC05;
			remoteInfo = CryptoTracker;
		};
/* End PBXContainerItemProxy section */

/* Begin PBXFileReference section */
		16A7F4B72B5D94FF0031FC05 /* CryptoTracker.app */ = {isa = PBXFileReference; explicitFileType = wrapper.application; includeInIndex = 0; path = CryptoTracker.app; sourceTree = BUILT_PRODUCTS_DIR; };
		16A7F4BA2B5D94FF0031FC05 /* CryptoTrackerApp.swift */ = {isa = PBXFileReference; lastKnownFileType = sourcecode.swift; path = CryptoTrackerApp.swift; sourceTree = "<group>"; };
		16A7F4BC2B5D94FF0031FC05 /* ContentView.swift */ = {isa = PBXFileReference; lastKnownFileType = sourcecode.swift; path = ContentView.swift; sourceTree = "<group>"; };
		16A7F4BE2B5D94FF0031FC05 /* Item.swift */ = {isa = PBXFileReference; lastKnownFileType = sourcecode.swift; path = Item.swift; sourceTree = "<group>"; };
		16A7F4C02B5D95000031FC05 /* Assets.xcassets */ = {isa = PBXFileReference; lastKnownFileType = folder.assetcatalog; path = Assets.xcassets; sourceTree = "<group>"; };
		16A7F4C32B5D95000031FC05 /* Preview Assets.xcassets */ = {isa = PBXFileReference; lastKnownFileType = folder.assetcatalog; path = "Preview Assets.xcassets"; sourceTree = "<group>"; };
		16A7F4C92B5D95000031FC05 /* CryptoTrackerTests.xctest */ = {isa = PBXFileReference; explicitFileType = wrapper.cfbundle; includeInIndex = 0; path = CryptoTrackerTests.xctest; sourceTree = BUILT_PRODUCTS_DIR; };
		16A7F4CD2B5D95000031FC05 /* CryptoTrackerTests.swift */ = {isa = PBXFileReference; lastKnownFileType = sourcecode.swift; path = CryptoTrackerTests.swift; sourceTree = "<group>"; };
		16A7F4D32B5D95000031FC05 /* CryptoTrackerUITests.xctest */ = {isa = PBXFileReference; explicitFileType = wrapper.cfbundle; includeInIndex = 0; path = CryptoTrackerUITests.xctest; sourceTree = BUILT_PRODUCTS_DIR; };
		16A7F4D72B5D95000031FC05 /* CryptoTrackerUITests.swift */ = {isa = PBXFileReference; lastKnownFileType = sourcecode.swift; path = CryptoTrackerUITests.swift; sourceTree = "<group>"; };
		16A7F4D92B5D95000031FC05 /* CryptoTrackerUITestsLaunchTests.swift */ = {isa = PBXFileReference; lastKnownFileType = sourcecode.swift; path = CryptoTrackerUITestsLaunchTests.swift; sourceTree = "<group>"; };
		16A7F4EA2B5D95990031FC05 /* AppCoordinator.swift */ = {isa = PBXFileReference; lastKnownFileType = sourcecode.swift; path = AppCoordinator.swift; sourceTree = "<group>"; };
		16A7F4F02B5D96730031FC05 /* DependencyManager.swift */ = {isa = PBXFileReference; lastKnownFileType = sourcecode.swift; path = DependencyManager.swift; sourceTree = "<group>"; };
		16A7F4F42B5D9A450031FC05 /* HomeCryptoListView.swift */ = {isa = PBXFileReference; lastKnownFileType = sourcecode.swift; path = HomeCryptoListView.swift; sourceTree = "<group>"; };
		16A7F4F72B5D9AF00031FC05 /* CTSearchBarView.swift */ = {isa = PBXFileReference; lastKnownFileType = sourcecode.swift; path = CTSearchBarView.swift; sourceTree = "<group>"; };
		16A7F4FA2B5D9B400031FC05 /* Color.swift */ = {isa = PBXFileReference; lastKnownFileType = sourcecode.swift; path = Color.swift; sourceTree = "<group>"; };
		16A7F4FD2B5D9B990031FC05 /* UIApplication+EndEditing.swift */ = {isa = PBXFileReference; lastKnownFileType = sourcecode.swift; path = "UIApplication+EndEditing.swift"; sourceTree = "<group>"; };
		16A7F5002B5D9D260031FC05 /* HomeCryptoListViewModel.swift */ = {isa = PBXFileReference; lastKnownFileType = sourcecode.swift; path = HomeCryptoListViewModel.swift; sourceTree = "<group>"; };
		16A7F5042B5DA28B0031FC05 /* Colors.xcassets */ = {isa = PBXFileReference; lastKnownFileType = folder.assetcatalog; path = Colors.xcassets; sourceTree = "<group>"; };
		16A7F5062B5DBF630031FC05 /* HomeStatsView.swift */ = {isa = PBXFileReference; lastKnownFileType = sourcecode.swift; path = HomeStatsView.swift; sourceTree = "<group>"; };
		16A7F5082B5DBFA00031FC05 /* PreviewProvider.swift */ = {isa = PBXFileReference; lastKnownFileType = sourcecode.swift; path = PreviewProvider.swift; sourceTree = "<group>"; };
		16A7F50B2B5DBFCB0031FC05 /* CoinModel.swift */ = {isa = PBXFileReference; lastKnownFileType = sourcecode.swift; path = CoinModel.swift; sourceTree = "<group>"; };
		16A7F50D2B5DC0850031FC05 /* CoinDetailModel.swift */ = {isa = PBXFileReference; lastKnownFileType = sourcecode.swift; path = CoinDetailModel.swift; sourceTree = "<group>"; };
		16A7F50F2B5DC0C40031FC05 /* String+Extensions.swift */ = {isa = PBXFileReference; lastKnownFileType = sourcecode.swift; path = "String+Extensions.swift"; sourceTree = "<group>"; };
		16A7F5112B5DC0F60031FC05 /* StatisticModel.swift */ = {isa = PBXFileReference; lastKnownFileType = sourcecode.swift; path = StatisticModel.swift; sourceTree = "<group>"; };
		16A7F5132B5DC10E0031FC05 /* MarketDataModel.swift */ = {isa = PBXFileReference; lastKnownFileType = sourcecode.swift; path = MarketDataModel.swift; sourceTree = "<group>"; };
		16A7F5152B5DC1490031FC05 /* Double+Extensions.swift */ = {isa = PBXFileReference; lastKnownFileType = sourcecode.swift; path = "Double+Extensions.swift"; sourceTree = "<group>"; };
		16A7F5182B5DC1BD0031FC05 /* CoinLogoView.swift */ = {isa = PBXFileReference; fileEncoding = 4; lastKnownFileType = sourcecode.swift; path = CoinLogoView.swift; sourceTree = "<group>"; };
		16A7F5192B5DC1BE0031FC05 /* CoinImageView.swift */ = {isa = PBXFileReference; fileEncoding = 4; lastKnownFileType = sourcecode.swift; path = CoinImageView.swift; sourceTree = "<group>"; };
		16A7F51A2B5DC1BE0031FC05 /* CoinImageViewModel.swift */ = {isa = PBXFileReference; fileEncoding = 4; lastKnownFileType = sourcecode.swift; path = CoinImageViewModel.swift; sourceTree = "<group>"; };
		16A7F51F2B5DC1E40031FC05 /* CircleButtonView.swift */ = {isa = PBXFileReference; fileEncoding = 4; lastKnownFileType = sourcecode.swift; path = CircleButtonView.swift; sourceTree = "<group>"; };
		16A7F5202B5DC1E40031FC05 /* CircleButtonAnimationView.swift */ = {isa = PBXFileReference; fileEncoding = 4; lastKnownFileType = sourcecode.swift; path = CircleButtonAnimationView.swift; sourceTree = "<group>"; };
		16A7F5232B5DC27C0031FC05 /* StatisticView.swift */ = {isa = PBXFileReference; fileEncoding = 4; lastKnownFileType = sourcecode.swift; path = StatisticView.swift; sourceTree = "<group>"; };
		16A7F5252B5DC2D40031FC05 /* XMarkButton.swift */ = {isa = PBXFileReference; fileEncoding = 4; lastKnownFileType = sourcecode.swift; path = XMarkButton.swift; sourceTree = "<group>"; };
		16A7F5272B5DC3000031FC05 /* HapticManager.swift */ = {isa = PBXFileReference; fileEncoding = 4; lastKnownFileType = sourcecode.swift; path = HapticManager.swift; sourceTree = "<group>"; };
		16A7F5282B5DC3000031FC05 /* LocalFileManager.swift */ = {isa = PBXFileReference; fileEncoding = 4; lastKnownFileType = sourcecode.swift; path = LocalFileManager.swift; sourceTree = "<group>"; };
		16A7F5292B5DC3000031FC05 /* NetworkingManager.swift */ = {isa = PBXFileReference; fileEncoding = 4; lastKnownFileType = sourcecode.swift; path = NetworkingManager.swift; sourceTree = "<group>"; };
		16A7F52D2B5DC3380031FC05 /* Date+Extensions.swift */ = {isa = PBXFileReference; lastKnownFileType = sourcecode.swift; path = "Date+Extensions.swift"; sourceTree = "<group>"; };
		16A7F5302B5DC3A60031FC05 /* CoinDataService.swift */ = {isa = PBXFileReference; fileEncoding = 4; lastKnownFileType = sourcecode.swift; path = CoinDataService.swift; sourceTree = "<group>"; };
		16A7F5312B5DC3A60031FC05 /* CoinImageService.swift */ = {isa = PBXFileReference; fileEncoding = 4; lastKnownFileType = sourcecode.swift; path = CoinImageService.swift; sourceTree = "<group>"; };
		16A7F5322B5DC3A60031FC05 /* PortfolioDataService.swift */ = {isa = PBXFileReference; fileEncoding = 4; lastKnownFileType = sourcecode.swift; path = PortfolioDataService.swift; sourceTree = "<group>"; };
		16A7F5332B5DC3A60031FC05 /* CoinDetailDataService.swift */ = {isa = PBXFileReference; fileEncoding = 4; lastKnownFileType = sourcecode.swift; path = CoinDetailDataService.swift; sourceTree = "<group>"; };
		16A7F5342B5DC3A60031FC05 /* MarketDataService.swift */ = {isa = PBXFileReference; fileEncoding = 4; lastKnownFileType = sourcecode.swift; path = MarketDataService.swift; sourceTree = "<group>"; };
		16A7F53A2B5DC4340031FC05 /* PortfolioView.swift */ = {isa = PBXFileReference; fileEncoding = 4; lastKnownFileType = sourcecode.swift; path = PortfolioView.swift; sourceTree = "<group>"; };
		16A7F53D2B5DC45B0031FC05 /* PortfolioContainer.xcdatamodel */ = {isa = PBXFileReference; lastKnownFileType = wrapper.xcdatamodel; path = PortfolioContainer.xcdatamodel; sourceTree = "<group>"; };
		16A7F5422B5DC5010031FC05 /* DetailViewModel.swift */ = {isa = PBXFileReference; fileEncoding = 4; lastKnownFileType = sourcecode.swift; path = DetailViewModel.swift; sourceTree = "<group>"; };
		16A7F5442B5DC5010031FC05 /* DetailView.swift */ = {isa = PBXFileReference; fileEncoding = 4; lastKnownFileType = sourcecode.swift; path = DetailView.swift; sourceTree = "<group>"; };
		16A7F5452B5DC5010031FC05 /* ChartView.swift */ = {isa = PBXFileReference; fileEncoding = 4; lastKnownFileType = sourcecode.swift; path = ChartView.swift; sourceTree = "<group>"; };
		16A7F5492B5DC5450031FC05 /* CoinRowView.swift */ = {isa = PBXFileReference; fileEncoding = 4; lastKnownFileType = sourcecode.swift; path = CoinRowView.swift; sourceTree = "<group>"; };
		16A7F54D2B5DC70B0031FC05 /* LaunchScreen.storyboard */ = {isa = PBXFileReference; fileEncoding = 4; lastKnownFileType = file.storyboard; path = LaunchScreen.storyboard; sourceTree = "<group>"; };
		16A7F54E2B5DC70B0031FC05 /* LaunchView.swift */ = {isa = PBXFileReference; fileEncoding = 4; lastKnownFileType = sourcecode.swift; path = LaunchView.swift; sourceTree = "<group>"; };
/* End PBXFileReference section */

/* Begin PBXFrameworksBuildPhase section */
		16A7F4B42B5D94FF0031FC05 /* Frameworks */ = {
			isa = PBXFrameworksBuildPhase;
			buildActionMask = 2147483647;
			files = (
				16A7F4EE2B5D95AC0031FC05 /* Swinject in Frameworks */,
			);
			runOnlyForDeploymentPostprocessing = 0;
		};
		16A7F4C62B5D95000031FC05 /* Frameworks */ = {
			isa = PBXFrameworksBuildPhase;
			buildActionMask = 2147483647;
			files = (
			);
			runOnlyForDeploymentPostprocessing = 0;
		};
		16A7F4D02B5D95000031FC05 /* Frameworks */ = {
			isa = PBXFrameworksBuildPhase;
			buildActionMask = 2147483647;
			files = (
			);
			runOnlyForDeploymentPostprocessing = 0;
		};
/* End PBXFrameworksBuildPhase section */

/* Begin PBXGroup section */
		16A7F4AE2B5D94FF0031FC05 = {
			isa = PBXGroup;
			children = (
				16A7F4B92B5D94FF0031FC05 /* CryptoTracker */,
				16A7F4CC2B5D95000031FC05 /* CryptoTrackerTests */,
				16A7F4D62B5D95000031FC05 /* CryptoTrackerUITests */,
				16A7F4B82B5D94FF0031FC05 /* Products */,
			);
			sourceTree = "<group>";
		};
		16A7F4B82B5D94FF0031FC05 /* Products */ = {
			isa = PBXGroup;
			children = (
				16A7F4B72B5D94FF0031FC05 /* CryptoTracker.app */,
				16A7F4C92B5D95000031FC05 /* CryptoTrackerTests.xctest */,
				16A7F4D32B5D95000031FC05 /* CryptoTrackerUITests.xctest */,
			);
			name = Products;
			sourceTree = "<group>";
		};
		16A7F4B92B5D94FF0031FC05 /* CryptoTracker */ = {
			isa = PBXGroup;
			children = (
				16A7F52F2B5DC3A60031FC05 /* Services */,
				16A7F4E92B5D95860031FC05 /* App */,
				16A7F4F22B5D96B30031FC05 /* Core */,
				16A7F4FC2B5D9B830031FC05 /* Extensions */,
				16A7F4BE2B5D94FF0031FC05 /* Item.swift */,
				16A7F50A2B5DBFB10031FC05 /* Models */,
				16A7F4C22B5D95000031FC05 /* Preview Content */,
				16A7F4F92B5D9B340031FC05 /* Resources */,
				16A7F4F62B5D9AD10031FC05 /* UIComponents */,
				16A7F4EF2B5D965B0031FC05 /* Utilities */,
			);
			path = CryptoTracker;
			sourceTree = "<group>";
		};
		16A7F4C22B5D95000031FC05 /* Preview Content */ = {
			isa = PBXGroup;
			children = (
				16A7F4C32B5D95000031FC05 /* Preview Assets.xcassets */,
			);
			path = "Preview Content";
			sourceTree = "<group>";
		};
		16A7F4CC2B5D95000031FC05 /* CryptoTrackerTests */ = {
			isa = PBXGroup;
			children = (
				16A7F4CD2B5D95000031FC05 /* CryptoTrackerTests.swift */,
			);
			path = CryptoTrackerTests;
			sourceTree = "<group>";
		};
		16A7F4D62B5D95000031FC05 /* CryptoTrackerUITests */ = {
			isa = PBXGroup;
			children = (
				16A7F4D72B5D95000031FC05 /* CryptoTrackerUITests.swift */,
				16A7F4D92B5D95000031FC05 /* CryptoTrackerUITestsLaunchTests.swift */,
			);
			path = CryptoTrackerUITests;
			sourceTree = "<group>";
		};
		16A7F4E92B5D95860031FC05 /* App */ = {
			isa = PBXGroup;
			children = (
				16A7F4BC2B5D94FF0031FC05 /* ContentView.swift */,
				16A7F4BA2B5D94FF0031FC05 /* CryptoTrackerApp.swift */,
				16A7F4EA2B5D95990031FC05 /* AppCoordinator.swift */,
			);
			path = App;
			sourceTree = "<group>";
		};
		16A7F4EF2B5D965B0031FC05 /* Utilities */ = {
			isa = PBXGroup;
			children = (
				16A7F5272B5DC3000031FC05 /* HapticManager.swift */,
				16A7F5282B5DC3000031FC05 /* LocalFileManager.swift */,
				16A7F5292B5DC3000031FC05 /* NetworkingManager.swift */,
				16A7F4F02B5D96730031FC05 /* DependencyManager.swift */,
			);
			path = Utilities;
			sourceTree = "<group>";
		};
		16A7F4F22B5D96B30031FC05 /* Core */ = {
			isa = PBXGroup;
			children = (
				16A7F54B2B5DC70B0031FC05 /* Launch */,
				16A7F5402B5DC5010031FC05 /* CoinDetail */,
				16A7F4F32B5D972A0031FC05 /* HomeCryptoList */,
			);
			path = Core;
			sourceTree = "<group>";
		};
		16A7F4F32B5D972A0031FC05 /* HomeCryptoList */ = {
			isa = PBXGroup;
			children = (
				16A7F53F2B5DC4E70031FC05 /* View */,
				16A7F5002B5D9D260031FC05 /* HomeCryptoListViewModel.swift */,
			);
			path = HomeCryptoList;
			sourceTree = "<group>";
		};
		16A7F4F62B5D9AD10031FC05 /* UIComponents */ = {
			isa = PBXGroup;
			children = (
				16A7F5252B5DC2D40031FC05 /* XMarkButton.swift */,
				16A7F5232B5DC27C0031FC05 /* StatisticView.swift */,
				16A7F51E2B5DC1E40031FC05 /* CircleButton */,
				16A7F5172B5DC1A50031FC05 /* CoinImage */,
				16A7F4F72B5D9AF00031FC05 /* CTSearchBarView.swift */,
			);
			path = UIComponents;
			sourceTree = "<group>";
		};
		16A7F4F92B5D9B340031FC05 /* Resources */ = {
			isa = PBXGroup;
			children = (
				16A7F4FA2B5D9B400031FC05 /* Color.swift */,
				16A7F4C02B5D95000031FC05 /* Assets.xcassets */,
				16A7F5042B5DA28B0031FC05 /* Colors.xcassets */,
			);
			path = Resources;
			sourceTree = "<group>";
		};
		16A7F4FC2B5D9B830031FC05 /* Extensions */ = {
			isa = PBXGroup;
			children = (
				16A7F4FD2B5D9B990031FC05 /* UIApplication+EndEditing.swift */,
				16A7F5082B5DBFA00031FC05 /* PreviewProvider.swift */,
				16A7F50F2B5DC0C40031FC05 /* String+Extensions.swift */,
				16A7F5152B5DC1490031FC05 /* Double+Extensions.swift */,
				16A7F52D2B5DC3380031FC05 /* Date+Extensions.swift */,
			);
			path = Extensions;
			sourceTree = "<group>";
		};
		16A7F50A2B5DBFB10031FC05 /* Models */ = {
			isa = PBXGroup;
			children = (
				16A7F53C2B5DC45B0031FC05 /* PortfolioContainer.xcdatamodeld */,
				16A7F50B2B5DBFCB0031FC05 /* CoinModel.swift */,
				16A7F50D2B5DC0850031FC05 /* CoinDetailModel.swift */,
				16A7F5112B5DC0F60031FC05 /* StatisticModel.swift */,
				16A7F5132B5DC10E0031FC05 /* MarketDataModel.swift */,
			);
			path = Models;
			sourceTree = "<group>";
		};
		16A7F5172B5DC1A50031FC05 /* CoinImage */ = {
			isa = PBXGroup;
			children = (
				16A7F5192B5DC1BE0031FC05 /* CoinImageView.swift */,
				16A7F51A2B5DC1BE0031FC05 /* CoinImageViewModel.swift */,
				16A7F5182B5DC1BD0031FC05 /* CoinLogoView.swift */,
			);
			path = CoinImage;
			sourceTree = "<group>";
		};
		16A7F51E2B5DC1E40031FC05 /* CircleButton */ = {
			isa = PBXGroup;
			children = (
				16A7F51F2B5DC1E40031FC05 /* CircleButtonView.swift */,
				16A7F5202B5DC1E40031FC05 /* CircleButtonAnimationView.swift */,
			);
			path = CircleButton;
			sourceTree = "<group>";
		};
		16A7F52F2B5DC3A60031FC05 /* Services */ = {
			isa = PBXGroup;
			children = (
				16A7F5302B5DC3A60031FC05 /* CoinDataService.swift */,
				16A7F5312B5DC3A60031FC05 /* CoinImageService.swift */,
				16A7F5322B5DC3A60031FC05 /* PortfolioDataService.swift */,
				16A7F5332B5DC3A60031FC05 /* CoinDetailDataService.swift */,
				16A7F5342B5DC3A60031FC05 /* MarketDataService.swift */,
			);
			path = Services;
			sourceTree = "<group>";
		};
		16A7F53F2B5DC4E70031FC05 /* View */ = {
			isa = PBXGroup;
			children = (
				16A7F5492B5DC5450031FC05 /* CoinRowView.swift */,
				16A7F4F42B5D9A450031FC05 /* HomeCryptoListView.swift */,
				16A7F5062B5DBF630031FC05 /* HomeStatsView.swift */,
				16A7F53A2B5DC4340031FC05 /* PortfolioView.swift */,
			);
			path = View;
			sourceTree = "<group>";
		};
		16A7F5402B5DC5010031FC05 /* CoinDetail */ = {
			isa = PBXGroup;
			children = (
				16A7F5412B5DC5010031FC05 /* ViewModels */,
				16A7F5432B5DC5010031FC05 /* Views */,
			);
			path = CoinDetail;
			sourceTree = "<group>";
		};
		16A7F5412B5DC5010031FC05 /* ViewModels */ = {
			isa = PBXGroup;
			children = (
				16A7F5422B5DC5010031FC05 /* DetailViewModel.swift */,
			);
			path = ViewModels;
			sourceTree = "<group>";
		};
		16A7F5432B5DC5010031FC05 /* Views */ = {
			isa = PBXGroup;
			children = (
				16A7F5442B5DC5010031FC05 /* DetailView.swift */,
				16A7F5452B5DC5010031FC05 /* ChartView.swift */,
			);
			path = Views;
			sourceTree = "<group>";
		};
		16A7F54B2B5DC70B0031FC05 /* Launch */ = {
			isa = PBXGroup;
			children = (
				16A7F54C2B5DC70B0031FC05 /* Views */,
			);
			path = Launch;
			sourceTree = "<group>";
		};
		16A7F54C2B5DC70B0031FC05 /* Views */ = {
			isa = PBXGroup;
			children = (
				16A7F54D2B5DC70B0031FC05 /* LaunchScreen.storyboard */,
				16A7F54E2B5DC70B0031FC05 /* LaunchView.swift */,
			);
			path = Views;
			sourceTree = "<group>";
		};
/* End PBXGroup section */

/* Begin PBXNativeTarget section */
		16A7F4B62B5D94FF0031FC05 /* CryptoTracker */ = {
			isa = PBXNativeTarget;
			buildConfigurationList = 16A7F4DD2B5D95000031FC05 /* Build configuration list for PBXNativeTarget "CryptoTracker" */;
			buildPhases = (
				16A7F4B32B5D94FF0031FC05 /* Sources */,
				16A7F4B42B5D94FF0031FC05 /* Frameworks */,
				16A7F4B52B5D94FF0031FC05 /* Resources */,
				16A7F4FF2B5D9BE70031FC05 /* SwiftLint */,
			);
			buildRules = (
			);
			dependencies = (
			);
			name = CryptoTracker;
			packageProductDependencies = (
				16A7F4ED2B5D95AC0031FC05 /* Swinject */,
			);
			productName = CryptoTracker;
			productReference = 16A7F4B72B5D94FF0031FC05 /* CryptoTracker.app */;
			productType = "com.apple.product-type.application";
		};
		16A7F4C82B5D95000031FC05 /* CryptoTrackerTests */ = {
			isa = PBXNativeTarget;
			buildConfigurationList = 16A7F4E02B5D95000031FC05 /* Build configuration list for PBXNativeTarget "CryptoTrackerTests" */;
			buildPhases = (
				16A7F4C52B5D95000031FC05 /* Sources */,
				16A7F4C62B5D95000031FC05 /* Frameworks */,
				16A7F4C72B5D95000031FC05 /* Resources */,
			);
			buildRules = (
			);
			dependencies = (
				16A7F4CB2B5D95000031FC05 /* PBXTargetDependency */,
			);
			name = CryptoTrackerTests;
			productName = CryptoTrackerTests;
			productReference = 16A7F4C92B5D95000031FC05 /* CryptoTrackerTests.xctest */;
			productType = "com.apple.product-type.bundle.unit-test";
		};
		16A7F4D22B5D95000031FC05 /* CryptoTrackerUITests */ = {
			isa = PBXNativeTarget;
			buildConfigurationList = 16A7F4E32B5D95000031FC05 /* Build configuration list for PBXNativeTarget "CryptoTrackerUITests" */;
			buildPhases = (
				16A7F4CF2B5D95000031FC05 /* Sources */,
				16A7F4D02B5D95000031FC05 /* Frameworks */,
				16A7F4D12B5D95000031FC05 /* Resources */,
			);
			buildRules = (
			);
			dependencies = (
				16A7F4D52B5D95000031FC05 /* PBXTargetDependency */,
			);
			name = CryptoTrackerUITests;
			productName = CryptoTrackerUITests;
			productReference = 16A7F4D32B5D95000031FC05 /* CryptoTrackerUITests.xctest */;
			productType = "com.apple.product-type.bundle.ui-testing";
		};
/* End PBXNativeTarget section */

/* Begin PBXProject section */
		16A7F4AF2B5D94FF0031FC05 /* Project object */ = {
			isa = PBXProject;
			attributes = {
				BuildIndependentTargetsInParallel = 1;
				LastSwiftUpdateCheck = 1520;
				LastUpgradeCheck = 1520;
				TargetAttributes = {
					16A7F4B62B5D94FF0031FC05 = {
						CreatedOnToolsVersion = 15.2;
					};
					16A7F4C82B5D95000031FC05 = {
						CreatedOnToolsVersion = 15.2;
						TestTargetID = 16A7F4B62B5D94FF0031FC05;
					};
					16A7F4D22B5D95000031FC05 = {
						CreatedOnToolsVersion = 15.2;
						TestTargetID = 16A7F4B62B5D94FF0031FC05;
					};
				};
			};
			buildConfigurationList = 16A7F4B22B5D94FF0031FC05 /* Build configuration list for PBXProject "CryptoTracker" */;
			compatibilityVersion = "Xcode 14.0";
			developmentRegion = en;
			hasScannedForEncodings = 0;
			knownRegions = (
				en,
				Base,
			);
			mainGroup = 16A7F4AE2B5D94FF0031FC05;
			packageReferences = (
				16A7F4EC2B5D95AC0031FC05 /* XCRemoteSwiftPackageReference "Swinject" */,
			);
			productRefGroup = 16A7F4B82B5D94FF0031FC05 /* Products */;
			projectDirPath = "";
			projectRoot = "";
			targets = (
				16A7F4B62B5D94FF0031FC05 /* CryptoTracker */,
				16A7F4C82B5D95000031FC05 /* CryptoTrackerTests */,
				16A7F4D22B5D95000031FC05 /* CryptoTrackerUITests */,
			);
		};
/* End PBXProject section */

/* Begin PBXResourcesBuildPhase section */
		16A7F4B52B5D94FF0031FC05 /* Resources */ = {
			isa = PBXResourcesBuildPhase;
			buildActionMask = 2147483647;
			files = (
				16A7F5052B5DA28B0031FC05 /* Colors.xcassets in Resources */,
				16A7F54F2B5DC70B0031FC05 /* LaunchScreen.storyboard in Resources */,
				16A7F4C42B5D95000031FC05 /* Preview Assets.xcassets in Resources */,
				16A7F4C12B5D95000031FC05 /* Assets.xcassets in Resources */,
			);
			runOnlyForDeploymentPostprocessing = 0;
		};
		16A7F4C72B5D95000031FC05 /* Resources */ = {
			isa = PBXResourcesBuildPhase;
			buildActionMask = 2147483647;
			files = (
			);
			runOnlyForDeploymentPostprocessing = 0;
		};
		16A7F4D12B5D95000031FC05 /* Resources */ = {
			isa = PBXResourcesBuildPhase;
			buildActionMask = 2147483647;
			files = (
			);
			runOnlyForDeploymentPostprocessing = 0;
		};
/* End PBXResourcesBuildPhase section */

/* Begin PBXShellScriptBuildPhase section */
		16A7F4FF2B5D9BE70031FC05 /* SwiftLint */ = {
			isa = PBXShellScriptBuildPhase;
			buildActionMask = 2147483647;
			files = (
			);
			inputFileListPaths = (
			);
			inputPaths = (
			);
			name = SwiftLint;
			outputFileListPaths = (
			);
			outputPaths = (
			);
			runOnlyForDeploymentPostprocessing = 0;
			shellPath = /bin/sh;
			shellScript = "if [[ \"$(uname -m)\" == arm64 ]]; then\n    export PATH=\"/opt/homebrew/bin:$PATH\"\nfi\n\nif which swiftlint > /dev/null; then\n  swiftlint\nelse\n  echo \"warning: SwiftLint not installed, download from https://github.com/realm/SwiftLint\"\nfi\n";
		};
/* End PBXShellScriptBuildPhase section */

/* Begin PBXSourcesBuildPhase section */
		16A7F4B32B5D94FF0031FC05 /* Sources */ = {
			isa = PBXSourcesBuildPhase;
			buildActionMask = 2147483647;
			files = (
				16A7F52A2B5DC3000031FC05 /* HapticManager.swift in Sources */,
				16A7F5012B5D9D260031FC05 /* HomeCryptoListViewModel.swift in Sources */,
				16A7F5242B5DC27C0031FC05 /* StatisticView.swift in Sources */,
				16A7F51C2B5DC1BE0031FC05 /* CoinImageView.swift in Sources */,
				16A7F5092B5DBFA00031FC05 /* PreviewProvider.swift in Sources */,
				16A7F51D2B5DC1BE0031FC05 /* CoinImageViewModel.swift in Sources */,
				16A7F4EB2B5D95990031FC05 /* AppCoordinator.swift in Sources */,
				16A7F5362B5DC3A60031FC05 /* CoinImageService.swift in Sources */,
				16A7F4BD2B5D94FF0031FC05 /* ContentView.swift in Sources */,
				16A7F5392B5DC3A60031FC05 /* MarketDataService.swift in Sources */,
				16A7F4F12B5D96730031FC05 /* DependencyManager.swift in Sources */,
				16A7F5142B5DC10E0031FC05 /* MarketDataModel.swift in Sources */,
				16A7F5222B5DC1E50031FC05 /* CircleButtonAnimationView.swift in Sources */,
				16A7F5502B5DC70B0031FC05 /* LaunchView.swift in Sources */,
				16A7F5072B5DBF630031FC05 /* HomeStatsView.swift in Sources */,
				16A7F5482B5DC5010031FC05 /* ChartView.swift in Sources */,
				16A7F4BF2B5D94FF0031FC05 /* Item.swift in Sources */,
				16A7F52C2B5DC3000031FC05 /* NetworkingManager.swift in Sources */,
				16A7F53B2B5DC4340031FC05 /* PortfolioView.swift in Sources */,
				16A7F4F52B5D9A450031FC05 /* HomeCryptoListView.swift in Sources */,
				16A7F5122B5DC0F60031FC05 /* StatisticModel.swift in Sources */,
				16A7F4FE2B5D9B990031FC05 /* UIApplication+EndEditing.swift in Sources */,
				16A7F50E2B5DC0850031FC05 /* CoinDetailModel.swift in Sources */,
				16A7F5352B5DC3A60031FC05 /* CoinDataService.swift in Sources */,
				16A7F5162B5DC1490031FC05 /* Double+Extensions.swift in Sources */,
				16A7F5102B5DC0C40031FC05 /* String+Extensions.swift in Sources */,
				16A7F4FB2B5D9B400031FC05 /* Color.swift in Sources */,
				16A7F5462B5DC5010031FC05 /* DetailViewModel.swift in Sources */,
				16A7F52B2B5DC3000031FC05 /* LocalFileManager.swift in Sources */,
				16A7F51B2B5DC1BE0031FC05 /* CoinLogoView.swift in Sources */,
				16A7F5212B5DC1E50031FC05 /* CircleButtonView.swift in Sources */,
				16A7F52E2B5DC3380031FC05 /* Date+Extensions.swift in Sources */,
				16A7F5262B5DC2D40031FC05 /* XMarkButton.swift in Sources */,
				16A7F54A2B5DC5450031FC05 /* CoinRowView.swift in Sources */,
				16A7F50C2B5DBFCB0031FC05 /* CoinModel.swift in Sources */,
				16A7F5382B5DC3A60031FC05 /* CoinDetailDataService.swift in Sources */,
				16A7F53E2B5DC45B0031FC05 /* PortfolioContainer.xcdatamodeld in Sources */,
				16A7F4BB2B5D94FF0031FC05 /* CryptoTrackerApp.swift in Sources */,
				16A7F5472B5DC5010031FC05 /* DetailView.swift in Sources */,
				16A7F5372B5DC3A60031FC05 /* PortfolioDataService.swift in Sources */,
				16A7F4F82B5D9AF00031FC05 /* CTSearchBarView.swift in Sources */,
			);
			runOnlyForDeploymentPostprocessing = 0;
		};
		16A7F4C52B5D95000031FC05 /* Sources */ = {
			isa = PBXSourcesBuildPhase;
			buildActionMask = 2147483647;
			files = (
				16A7F4CE2B5D95000031FC05 /* CryptoTrackerTests.swift in Sources */,
			);
			runOnlyForDeploymentPostprocessing = 0;
		};
		16A7F4CF2B5D95000031FC05 /* Sources */ = {
			isa = PBXSourcesBuildPhase;
			buildActionMask = 2147483647;
			files = (
				16A7F4DA2B5D95000031FC05 /* CryptoTrackerUITestsLaunchTests.swift in Sources */,
				16A7F4D82B5D95000031FC05 /* CryptoTrackerUITests.swift in Sources */,
			);
			runOnlyForDeploymentPostprocessing = 0;
		};
/* End PBXSourcesBuildPhase section */

/* Begin PBXTargetDependency section */
		16A7F4CB2B5D95000031FC05 /* PBXTargetDependency */ = {
			isa = PBXTargetDependency;
			target = 16A7F4B62B5D94FF0031FC05 /* CryptoTracker */;
			targetProxy = 16A7F4CA2B5D95000031FC05 /* PBXContainerItemProxy */;
		};
		16A7F4D52B5D95000031FC05 /* PBXTargetDependency */ = {
			isa = PBXTargetDependency;
			target = 16A7F4B62B5D94FF0031FC05 /* CryptoTracker */;
			targetProxy = 16A7F4D42B5D95000031FC05 /* PBXContainerItemProxy */;
		};
/* End PBXTargetDependency section */

/* Begin XCBuildConfiguration section */
		16A7F4DB2B5D95000031FC05 /* Debug */ = {
			isa = XCBuildConfiguration;
			buildSettings = {
				ALWAYS_SEARCH_USER_PATHS = NO;
				ASSETCATALOG_COMPILER_GENERATE_SWIFT_ASSET_SYMBOL_EXTENSIONS = YES;
				CLANG_ANALYZER_NONNULL = YES;
				CLANG_ANALYZER_NUMBER_OBJECT_CONVERSION = YES_AGGRESSIVE;
				CLANG_CXX_LANGUAGE_STANDARD = "gnu++20";
				CLANG_ENABLE_MODULES = YES;
				CLANG_ENABLE_OBJC_ARC = YES;
				CLANG_ENABLE_OBJC_WEAK = YES;
				CLANG_WARN_BLOCK_CAPTURE_AUTORELEASING = YES;
				CLANG_WARN_BOOL_CONVERSION = YES;
				CLANG_WARN_COMMA = YES;
				CLANG_WARN_CONSTANT_CONVERSION = YES;
				CLANG_WARN_DEPRECATED_OBJC_IMPLEMENTATIONS = YES;
				CLANG_WARN_DIRECT_OBJC_ISA_USAGE = YES_ERROR;
				CLANG_WARN_DOCUMENTATION_COMMENTS = YES;
				CLANG_WARN_EMPTY_BODY = YES;
				CLANG_WARN_ENUM_CONVERSION = YES;
				CLANG_WARN_INFINITE_RECURSION = YES;
				CLANG_WARN_INT_CONVERSION = YES;
				CLANG_WARN_NON_LITERAL_NULL_CONVERSION = YES;
				CLANG_WARN_OBJC_IMPLICIT_RETAIN_SELF = YES;
				CLANG_WARN_OBJC_LITERAL_CONVERSION = YES;
				CLANG_WARN_OBJC_ROOT_CLASS = YES_ERROR;
				CLANG_WARN_QUOTED_INCLUDE_IN_FRAMEWORK_HEADER = YES;
				CLANG_WARN_RANGE_LOOP_ANALYSIS = YES;
				CLANG_WARN_STRICT_PROTOTYPES = YES;
				CLANG_WARN_SUSPICIOUS_MOVE = YES;
				CLANG_WARN_UNGUARDED_AVAILABILITY = YES_AGGRESSIVE;
				CLANG_WARN_UNREACHABLE_CODE = YES;
				CLANG_WARN__DUPLICATE_METHOD_MATCH = YES;
				COPY_PHASE_STRIP = NO;
				DEBUG_INFORMATION_FORMAT = dwarf;
				ENABLE_STRICT_OBJC_MSGSEND = YES;
				ENABLE_TESTABILITY = YES;
				ENABLE_USER_SCRIPT_SANDBOXING = YES;
				GCC_C_LANGUAGE_STANDARD = gnu17;
				GCC_DYNAMIC_NO_PIC = NO;
				GCC_NO_COMMON_BLOCKS = YES;
				GCC_OPTIMIZATION_LEVEL = 0;
				GCC_PREPROCESSOR_DEFINITIONS = (
					"DEBUG=1",
					"$(inherited)",
				);
				GCC_WARN_64_TO_32_BIT_CONVERSION = YES;
				GCC_WARN_ABOUT_RETURN_TYPE = YES_ERROR;
				GCC_WARN_UNDECLARED_SELECTOR = YES;
				GCC_WARN_UNINITIALIZED_AUTOS = YES_AGGRESSIVE;
				GCC_WARN_UNUSED_FUNCTION = YES;
				GCC_WARN_UNUSED_VARIABLE = YES;
				IPHONEOS_DEPLOYMENT_TARGET = 17.2;
				LOCALIZATION_PREFERS_STRING_CATALOGS = YES;
				MTL_ENABLE_DEBUG_INFO = INCLUDE_SOURCE;
				MTL_FAST_MATH = YES;
				ONLY_ACTIVE_ARCH = YES;
				SDKROOT = iphoneos;
				SWIFT_ACTIVE_COMPILATION_CONDITIONS = "DEBUG $(inherited)";
				SWIFT_OPTIMIZATION_LEVEL = "-Onone";
			};
			name = Debug;
		};
		16A7F4DC2B5D95000031FC05 /* Release */ = {
			isa = XCBuildConfiguration;
			buildSettings = {
				ALWAYS_SEARCH_USER_PATHS = NO;
				ASSETCATALOG_COMPILER_GENERATE_SWIFT_ASSET_SYMBOL_EXTENSIONS = YES;
				CLANG_ANALYZER_NONNULL = YES;
				CLANG_ANALYZER_NUMBER_OBJECT_CONVERSION = YES_AGGRESSIVE;
				CLANG_CXX_LANGUAGE_STANDARD = "gnu++20";
				CLANG_ENABLE_MODULES = YES;
				CLANG_ENABLE_OBJC_ARC = YES;
				CLANG_ENABLE_OBJC_WEAK = YES;
				CLANG_WARN_BLOCK_CAPTURE_AUTORELEASING = YES;
				CLANG_WARN_BOOL_CONVERSION = YES;
				CLANG_WARN_COMMA = YES;
				CLANG_WARN_CONSTANT_CONVERSION = YES;
				CLANG_WARN_DEPRECATED_OBJC_IMPLEMENTATIONS = YES;
				CLANG_WARN_DIRECT_OBJC_ISA_USAGE = YES_ERROR;
				CLANG_WARN_DOCUMENTATION_COMMENTS = YES;
				CLANG_WARN_EMPTY_BODY = YES;
				CLANG_WARN_ENUM_CONVERSION = YES;
				CLANG_WARN_INFINITE_RECURSION = YES;
				CLANG_WARN_INT_CONVERSION = YES;
				CLANG_WARN_NON_LITERAL_NULL_CONVERSION = YES;
				CLANG_WARN_OBJC_IMPLICIT_RETAIN_SELF = YES;
				CLANG_WARN_OBJC_LITERAL_CONVERSION = YES;
				CLANG_WARN_OBJC_ROOT_CLASS = YES_ERROR;
				CLANG_WARN_QUOTED_INCLUDE_IN_FRAMEWORK_HEADER = YES;
				CLANG_WARN_RANGE_LOOP_ANALYSIS = YES;
				CLANG_WARN_STRICT_PROTOTYPES = YES;
				CLANG_WARN_SUSPICIOUS_MOVE = YES;
				CLANG_WARN_UNGUARDED_AVAILABILITY = YES_AGGRESSIVE;
				CLANG_WARN_UNREACHABLE_CODE = YES;
				CLANG_WARN__DUPLICATE_METHOD_MATCH = YES;
				COPY_PHASE_STRIP = NO;
				DEBUG_INFORMATION_FORMAT = "dwarf-with-dsym";
				ENABLE_NS_ASSERTIONS = NO;
				ENABLE_STRICT_OBJC_MSGSEND = YES;
				ENABLE_USER_SCRIPT_SANDBOXING = YES;
				GCC_C_LANGUAGE_STANDARD = gnu17;
				GCC_NO_COMMON_BLOCKS = YES;
				GCC_WARN_64_TO_32_BIT_CONVERSION = YES;
				GCC_WARN_ABOUT_RETURN_TYPE = YES_ERROR;
				GCC_WARN_UNDECLARED_SELECTOR = YES;
				GCC_WARN_UNINITIALIZED_AUTOS = YES_AGGRESSIVE;
				GCC_WARN_UNUSED_FUNCTION = YES;
				GCC_WARN_UNUSED_VARIABLE = YES;
				IPHONEOS_DEPLOYMENT_TARGET = 17.2;
				LOCALIZATION_PREFERS_STRING_CATALOGS = YES;
				MTL_ENABLE_DEBUG_INFO = NO;
				MTL_FAST_MATH = YES;
				SDKROOT = iphoneos;
				SWIFT_COMPILATION_MODE = wholemodule;
				VALIDATE_PRODUCT = YES;
			};
			name = Release;
		};
		16A7F4DE2B5D95000031FC05 /* Debug */ = {
			isa = XCBuildConfiguration;
			buildSettings = {
				ASSETCATALOG_COMPILER_APPICON_NAME = AppIcon;
				ASSETCATALOG_COMPILER_GLOBAL_ACCENT_COLOR_NAME = AccentColor;
				CODE_SIGN_STYLE = Automatic;
				CURRENT_PROJECT_VERSION = 1;
				DEVELOPMENT_ASSET_PATHS = "\"CryptoTracker/Preview Content\"";
				ENABLE_PREVIEWS = YES;
				ENABLE_USER_SCRIPT_SANDBOXING = NO;
				GENERATE_INFOPLIST_FILE = YES;
				INFOPLIST_KEY_UIApplicationSceneManifest_Generation = YES;
				INFOPLIST_KEY_UIApplicationSupportsIndirectInputEvents = YES;
				INFOPLIST_KEY_UILaunchScreen_Generation = YES;
				INFOPLIST_KEY_UISupportedInterfaceOrientations_iPad = "UIInterfaceOrientationPortrait UIInterfaceOrientationPortraitUpsideDown UIInterfaceOrientationLandscapeLeft UIInterfaceOrientationLandscapeRight";
				INFOPLIST_KEY_UISupportedInterfaceOrientations_iPhone = "UIInterfaceOrientationPortrait UIInterfaceOrientationLandscapeLeft UIInterfaceOrientationLandscapeRight";
				LD_RUNPATH_SEARCH_PATHS = (
					"$(inherited)",
					"@executable_path/Frameworks",
				);
				MARKETING_VERSION = 1.0;
				PRODUCT_BUNDLE_IDENTIFIER = com.abin.CryptoTracker;
				PRODUCT_NAME = "$(TARGET_NAME)";
				SWIFT_EMIT_LOC_STRINGS = YES;
				SWIFT_VERSION = 5.0;
				TARGETED_DEVICE_FAMILY = "1,2";
			};
			name = Debug;
		};
		16A7F4DF2B5D95000031FC05 /* Release */ = {
			isa = XCBuildConfiguration;
			buildSettings = {
				ASSETCATALOG_COMPILER_APPICON_NAME = AppIcon;
				ASSETCATALOG_COMPILER_GLOBAL_ACCENT_COLOR_NAME = AccentColor;
				CODE_SIGN_STYLE = Automatic;
				CURRENT_PROJECT_VERSION = 1;
				DEVELOPMENT_ASSET_PATHS = "\"CryptoTracker/Preview Content\"";
				ENABLE_PREVIEWS = YES;
				ENABLE_USER_SCRIPT_SANDBOXING = NO;
				GENERATE_INFOPLIST_FILE = YES;
				INFOPLIST_KEY_UIApplicationSceneManifest_Generation = YES;
				INFOPLIST_KEY_UIApplicationSupportsIndirectInputEvents = YES;
				INFOPLIST_KEY_UILaunchScreen_Generation = YES;
				INFOPLIST_KEY_UISupportedInterfaceOrientations_iPad = "UIInterfaceOrientationPortrait UIInterfaceOrientationPortraitUpsideDown UIInterfaceOrientationLandscapeLeft UIInterfaceOrientationLandscapeRight";
				INFOPLIST_KEY_UISupportedInterfaceOrientations_iPhone = "UIInterfaceOrientationPortrait UIInterfaceOrientationLandscapeLeft UIInterfaceOrientationLandscapeRight";
				LD_RUNPATH_SEARCH_PATHS = (
					"$(inherited)",
					"@executable_path/Frameworks",
				);
				MARKETING_VERSION = 1.0;
				PRODUCT_BUNDLE_IDENTIFIER = com.abin.CryptoTracker;
				PRODUCT_NAME = "$(TARGET_NAME)";
				SWIFT_EMIT_LOC_STRINGS = YES;
				SWIFT_VERSION = 5.0;
				TARGETED_DEVICE_FAMILY = "1,2";
			};
			name = Release;
		};
		16A7F4E12B5D95000031FC05 /* Debug */ = {
			isa = XCBuildConfiguration;
			buildSettings = {
				ALWAYS_EMBED_SWIFT_STANDARD_LIBRARIES = YES;
				BUNDLE_LOADER = "$(TEST_HOST)";
				CODE_SIGN_STYLE = Automatic;
				CURRENT_PROJECT_VERSION = 1;
				GENERATE_INFOPLIST_FILE = YES;
				IPHONEOS_DEPLOYMENT_TARGET = 17.2;
				MARKETING_VERSION = 1.0;
				PRODUCT_BUNDLE_IDENTIFIER = com.abin.CryptoTrackerTests;
				PRODUCT_NAME = "$(TARGET_NAME)";
				SWIFT_EMIT_LOC_STRINGS = NO;
				SWIFT_VERSION = 5.0;
				TARGETED_DEVICE_FAMILY = "1,2";
				TEST_HOST = "$(BUILT_PRODUCTS_DIR)/CryptoTracker.app/$(BUNDLE_EXECUTABLE_FOLDER_PATH)/CryptoTracker";
			};
			name = Debug;
		};
		16A7F4E22B5D95000031FC05 /* Release */ = {
			isa = XCBuildConfiguration;
			buildSettings = {
				ALWAYS_EMBED_SWIFT_STANDARD_LIBRARIES = YES;
				BUNDLE_LOADER = "$(TEST_HOST)";
				CODE_SIGN_STYLE = Automatic;
				CURRENT_PROJECT_VERSION = 1;
				GENERATE_INFOPLIST_FILE = YES;
				IPHONEOS_DEPLOYMENT_TARGET = 17.2;
				MARKETING_VERSION = 1.0;
				PRODUCT_BUNDLE_IDENTIFIER = com.abin.CryptoTrackerTests;
				PRODUCT_NAME = "$(TARGET_NAME)";
				SWIFT_EMIT_LOC_STRINGS = NO;
				SWIFT_VERSION = 5.0;
				TARGETED_DEVICE_FAMILY = "1,2";
				TEST_HOST = "$(BUILT_PRODUCTS_DIR)/CryptoTracker.app/$(BUNDLE_EXECUTABLE_FOLDER_PATH)/CryptoTracker";
			};
			name = Release;
		};
		16A7F4E42B5D95000031FC05 /* Debug */ = {
			isa = XCBuildConfiguration;
			buildSettings = {
				ALWAYS_EMBED_SWIFT_STANDARD_LIBRARIES = YES;
				CODE_SIGN_STYLE = Automatic;
				CURRENT_PROJECT_VERSION = 1;
				GENERATE_INFOPLIST_FILE = YES;
				MARKETING_VERSION = 1.0;
				PRODUCT_BUNDLE_IDENTIFIER = com.abin.CryptoTrackerUITests;
				PRODUCT_NAME = "$(TARGET_NAME)";
				SWIFT_EMIT_LOC_STRINGS = NO;
				SWIFT_VERSION = 5.0;
				TARGETED_DEVICE_FAMILY = "1,2";
				TEST_TARGET_NAME = CryptoTracker;
			};
			name = Debug;
		};
		16A7F4E52B5D95000031FC05 /* Release */ = {
			isa = XCBuildConfiguration;
			buildSettings = {
				ALWAYS_EMBED_SWIFT_STANDARD_LIBRARIES = YES;
				CODE_SIGN_STYLE = Automatic;
				CURRENT_PROJECT_VERSION = 1;
				GENERATE_INFOPLIST_FILE = YES;
				MARKETING_VERSION = 1.0;
				PRODUCT_BUNDLE_IDENTIFIER = com.abin.CryptoTrackerUITests;
				PRODUCT_NAME = "$(TARGET_NAME)";
				SWIFT_EMIT_LOC_STRINGS = NO;
				SWIFT_VERSION = 5.0;
				TARGETED_DEVICE_FAMILY = "1,2";
				TEST_TARGET_NAME = CryptoTracker;
			};
			name = Release;
		};
/* End XCBuildConfiguration section */

/* Begin XCConfigurationList section */
		16A7F4B22B5D94FF0031FC05 /* Build configuration list for PBXProject "CryptoTracker" */ = {
			isa = XCConfigurationList;
			buildConfigurations = (
				16A7F4DB2B5D95000031FC05 /* Debug */,
				16A7F4DC2B5D95000031FC05 /* Release */,
			);
			defaultConfigurationIsVisible = 0;
			defaultConfigurationName = Release;
		};
		16A7F4DD2B5D95000031FC05 /* Build configuration list for PBXNativeTarget "CryptoTracker" */ = {
			isa = XCConfigurationList;
			buildConfigurations = (
				16A7F4DE2B5D95000031FC05 /* Debug */,
				16A7F4DF2B5D95000031FC05 /* Release */,
			);
			defaultConfigurationIsVisible = 0;
			defaultConfigurationName = Release;
		};
		16A7F4E02B5D95000031FC05 /* Build configuration list for PBXNativeTarget "CryptoTrackerTests" */ = {
			isa = XCConfigurationList;
			buildConfigurations = (
				16A7F4E12B5D95000031FC05 /* Debug */,
				16A7F4E22B5D95000031FC05 /* Release */,
			);
			defaultConfigurationIsVisible = 0;
			defaultConfigurationName = Release;
		};
		16A7F4E32B5D95000031FC05 /* Build configuration list for PBXNativeTarget "CryptoTrackerUITests" */ = {
			isa = XCConfigurationList;
			buildConfigurations = (
				16A7F4E42B5D95000031FC05 /* Debug */,
				16A7F4E52B5D95000031FC05 /* Release */,
			);
			defaultConfigurationIsVisible = 0;
			defaultConfigurationName = Release;
		};
/* End XCConfigurationList section */

/* Begin XCRemoteSwiftPackageReference section */
		16A7F4EC2B5D95AC0031FC05 /* XCRemoteSwiftPackageReference "Swinject" */ = {
			isa = XCRemoteSwiftPackageReference;
			repositoryURL = "https://github.com/Swinject/Swinject";
			requirement = {
				kind = upToNextMajorVersion;
				minimumVersion = 2.8.4;
			};
		};
/* End XCRemoteSwiftPackageReference section */

/* Begin XCSwiftPackageProductDependency section */
		16A7F4ED2B5D95AC0031FC05 /* Swinject */ = {
			isa = XCSwiftPackageProductDependency;
			package = 16A7F4EC2B5D95AC0031FC05 /* XCRemoteSwiftPackageReference "Swinject" */;
			productName = Swinject;
		};
/* End XCSwiftPackageProductDependency section */

/* Begin XCVersionGroup section */
		16A7F53C2B5DC45B0031FC05 /* PortfolioContainer.xcdatamodeld */ = {
			isa = XCVersionGroup;
			children = (
				16A7F53D2B5DC45B0031FC05 /* PortfolioContainer.xcdatamodel */,
			);
			currentVersion = 16A7F53D2B5DC45B0031FC05 /* PortfolioContainer.xcdatamodel */;
			path = PortfolioContainer.xcdatamodeld;
			sourceTree = "<group>";
			versionGroupType = wrapper.xcdatamodel;
		};
/* End XCVersionGroup section */
	};
	rootObject = 16A7F4AF2B5D94FF0031FC05 /* Project object */;
}
